
Microsoft Visual Studio Solution File, Format Version 12.00
# Visual Studio Version 17
VisualStudioVersion = 17.8.34525.116
MinimumVisualStudioVersion = 10.0.40219.1
Project("{FAE04EC0-301F-11D3-BF4B-00C04F79EFBC}") = "MagicNumber3", "choice\MagicNumber3.csproj", "{B4216A2B-7BE5-4410-83DD-266FCDA3047C}"
EndProject
Project("{2150E333-8FDC-42A3-9474-1A3956D46DE8}") = "ソリューション項目", "ソリューション項目", "{4C41DF5D-3C38-4F37-8CE0-E86CA8249FF2}"
EndProject
Project("{FAE04EC0-301F-11D3-BF4B-00C04F79EFBC}") = "MagicNumber3Tests", "MagicNumber3Tests\MagicNumber3Tests.csproj", "{CF9F458C-A997-4A8E-B077-5FFDA578E74A}"
EndProject
Global
	GlobalSection(SolutionConfigurationPlatforms) = preSolution
		Debug|Any CPU = Debug|Any CPU
		Release|Any CPU = Release|Any CPU
	EndGlobalSection
	GlobalSection(ProjectConfigurationPlatforms) = postSolution
		{B4216A2B-7BE5-4410-83DD-266FCDA3047C}.Debug|Any CPU.ActiveCfg = Debug|Any CPU
		{B4216A2B-7BE5-4410-83DD-266FCDA3047C}.Debug|Any CPU.Build.0 = Debug|Any CPU
		{B4216A2B-7BE5-4410-83DD-266FCDA3047C}.Release|Any CPU.ActiveCfg = Release|Any CPU
		{B4216A2B-7BE5-4410-83DD-266FCDA3047C}.Release|Any CPU.Build.0 = Release|Any CPU
		{CF9F458C-A997-4A8E-B077-5FFDA578E74A}.Debug|Any CPU.ActiveCfg = Debug|Any CPU
		{CF9F458C-A997-4A8E-B077-5FFDA578E74A}.Debug|Any CPU.Build.0 = Debug|Any CPU
		{CF9F458C-A997-4A8E-B077-5FFDA578E74A}.Release|Any CPU.ActiveCfg = Release|Any CPU
		{CF9F458C-A997-4A8E-B077-5FFDA578E74A}.Release|Any CPU.Build.0 = Release|Any CPU
	EndGlobalSection
	GlobalSection(SolutionProperties) = preSolution
		HideSolutionNode = FALSE
	EndGlobalSection
	GlobalSection(ExtensibilityGlobals) = postSolution
		SolutionGuid = {7107D0C8-F631-4A24-A107-79C151276E62}
	EndGlobalSection
EndGlobal
